// !$*UTF8*$!
{
	archiveVersion = 1;
	classes = {
	};
	objectVersion = 77;
	objects = {

/* Begin PBXBuildFile section */
		05F38C21DEA227065F41EF31 /* ClaudeUsageCore in Frameworks */ = {isa = PBXBuildFile; productRef = 333A7ECD4895407B0933BD0C /* ClaudeUsageCore */; };
		1569AE81C64A850FAC6EAD8F /* GoogleService-Info.plist in Resources */ = {isa = PBXBuildFile; fileRef = 1A5ABC12C8413507928CA8B8 /* GoogleService-Info.plist */; };
		1FBFC9E8F36AF337C7F345AF /* ClaudeBlockActivityAttributes.swift in Sources */ = {isa = PBXBuildFile; fileRef = 8632F6957EB5D2D2E5E2F54C /* ClaudeBlockActivityAttributes.swift */; };
		2EBDDB19EEC8BDCBB236413F /* ClaudeUsageSync in Frameworks */ = {isa = PBXBuildFile; productRef = 32B05346DE930683EEDB0A8E /* ClaudeUsageSync */; };
		35E19A1811F7AEAC07C15AB8 /* UsageWidgetViews.swift in Sources */ = {isa = PBXBuildFile; fileRef = 11F12250431B95D347734FCC /* UsageWidgetViews.swift */; };
		3B38D00AECD1CB061C6A57C5 /* Assets.xcassets in Resources */ = {isa = PBXBuildFile; fileRef = B19FA58D4EBD0747BED38BA9 /* Assets.xcassets */; };
		403DBA28FFC7A02960ADDB58 /* ClaudeUsageWidgetBundle.swift in Sources */ = {isa = PBXBuildFile; fileRef = 5A588CB94EA53953DE4D195C /* ClaudeUsageWidgetBundle.swift */; };
		40B2FE7D9C2721DE08273ED3 /* ClaudeUsageMobileApp.swift in Sources */ = {isa = PBXBuildFile; fileRef = 20FCF46D2517D7F375033F65 /* ClaudeUsageMobileApp.swift */; };
		45A87A6E0A9F5151926632E6 /* UsageTimelineProvider.swift in Sources */ = {isa = PBXBuildFile; fileRef = F1909086D96F6C1F53E9E070 /* UsageTimelineProvider.swift */; };
		48A0F58462E037839BEB3F64 /* SettingsView.swift in Sources */ = {isa = PBXBuildFile; fileRef = 7B39C07272D6CFC02546B195 /* SettingsView.swift */; };
		5C14BFE602879F73A2BA9CA9 /* ContentView.swift in Sources */ = {isa = PBXBuildFile; fileRef = FEC8403D75A66F2A581D2FC1 /* ContentView.swift */; };
		601326384DFA7413B9ADB905 /* FirebaseCore in Frameworks */ = {isa = PBXBuildFile; productRef = 7081D8824A49FB38080296E1 /* FirebaseCore */; };
		67256D5C2605CD4910667FD9 /* UsageTimelineProvider.swift in Sources */ = {isa = PBXBuildFile; fileRef = B6982FC12C9912E312491108 /* UsageTimelineProvider.swift */; };
		7A2DFC1A09FB520E09CDE2BA /* ClaudeUsageWidgetExtension.appex in Embed Foundation Extensions */ = {isa = PBXBuildFile; fileRef = 250064F1475E2F3077E3F4DA /* ClaudeUsageWidgetExtension.appex */; settings = {ATTRIBUTES = (RemoveHeadersOnCopy, ); }; };
		895BCC283E65DCD111EAF1BA /* FirebaseFirestore in Frameworks */ = {isa = PBXBuildFile; productRef = 79638A120E56426ADAE32459 /* FirebaseFirestore */; };
		8F5AEF133868481F84DEBE8D /* ClaudeUsageCore in Frameworks */ = {isa = PBXBuildFile; productRef = BD3AF1B6D1589FCEF9F3B583 /* ClaudeUsageCore */; };
		8F5CD230D9DA63B2C631802A /* UsageWidgetViews.swift in Sources */ = {isa = PBXBuildFile; fileRef = C727899CA6FCDC0DD97E1A26 /* UsageWidgetViews.swift */; };
		90E3387FF2EEC3973EB024C1 /* ClaudeBlockActivityAttributes.swift in Sources */ = {isa = PBXBuildFile; fileRef = 8632F6957EB5D2D2E5E2F54C /* ClaudeBlockActivityAttributes.swift */; };
		931B768C1C8E31684C989E9F /* MobileSettingsView.swift in Sources */ = {isa = PBXBuildFile; fileRef = 74592DF4D28B03284C0BD808 /* MobileSettingsView.swift */; };
		9D8CBA423D31738E6384DA13 /* Assets.xcassets in Resources */ = {isa = PBXBuildFile; fileRef = 9B594FD41D6B3A1539A63645 /* Assets.xcassets */; };
		A16D1D693E399585034463B6 /* GoogleService-Info.plist in Resources */ = {isa = PBXBuildFile; fileRef = 389DAA7F2378988A15A7AF8A /* GoogleService-Info.plist */; };
		A41A9BA42494061FF681C1BE /* ClaudeUsageApp.swift in Sources */ = {isa = PBXBuildFile; fileRef = 3565020420A3194DAE75414D /* ClaudeUsageApp.swift */; };
		BA5C619C6FA5569306640742 /* ClaudeUsageCore in Frameworks */ = {isa = PBXBuildFile; productRef = 198F6F394C6729E552E1BF9A /* ClaudeUsageCore */; };
		BAF62F28747459AD65F202F4 /* MobileUsageMonitor.swift in Sources */ = {isa = PBXBuildFile; fileRef = 0D4625961C333DA705D7F321 /* MobileUsageMonitor.swift */; };
		BD7D8A6658B124E1BF9B1A08 /* UsageMonitor.swift in Sources */ = {isa = PBXBuildFile; fileRef = CC924F91CE821B30ED4B1B64 /* UsageMonitor.swift */; };
		BE14CC8995B68A0F957B7A31 /* ClaudeUsageSync in Frameworks */ = {isa = PBXBuildFile; productRef = 1F32ABCA4F35424CEADB6238 /* ClaudeUsageSync */; };
		C03F5BC74AE3660A97802A45 /* ClaudeBlockLiveActivity.swift in Sources */ = {isa = PBXBuildFile; fileRef = E141071E38AF4FAC21D43637 /* ClaudeBlockLiveActivity.swift */; };
		C1166AA87E58F7ECE39356C9 /* ClaudeUsageMobileWidgetExtension.appex in Embed Foundation Extensions */ = {isa = PBXBuildFile; fileRef = E91B67648C22FA433E17CD5A /* ClaudeUsageMobileWidgetExtension.appex */; settings = {ATTRIBUTES = (RemoveHeadersOnCopy, ); }; };
		C26FDCDAF80E2C768347D25D /* LiveActivityManager.swift in Sources */ = {isa = PBXBuildFile; fileRef = 6ADDBD7B97FE92E166CECEAF /* LiveActivityManager.swift */; };
		C9F670AFE7AACA0432BB496B /* MenuBarContentView.swift in Sources */ = {isa = PBXBuildFile; fileRef = 7C531D27442D9484F76133C4 /* MenuBarContentView.swift */; };
		DD08AFD072218AFBE068DA19 /* FirebaseFirestore in Frameworks */ = {isa = PBXBuildFile; productRef = 7615D52D1D1A2A09936CAB9D /* FirebaseFirestore */; };
		DF626A2D18DC85B6DDCD717A /* ClaudeUsageCore in Frameworks */ = {isa = PBXBuildFile; productRef = 2D8607144D010CFE791CF339 /* ClaudeUsageCore */; };
		E142317023F657BDD54B0828 /* FirebaseCore in Frameworks */ = {isa = PBXBuildFile; productRef = 6EE2BB3AA2F536B3E9B32194 /* FirebaseCore */; };
		E2507EF32103DB6F768FB4D3 /* FileSystemWatcher.swift in Sources */ = {isa = PBXBuildFile; fileRef = 5A8EEB53D0532242BED90F7B /* FileSystemWatcher.swift */; };
		F9D8A7C1BA5D3735238CD2E9 /* ClaudeUsageMobileWidgetBundle.swift in Sources */ = {isa = PBXBuildFile; fileRef = 33759DC6542438922FDE250F /* ClaudeUsageMobileWidgetBundle.swift */; };
		B10000000000000000000002 /* MacUpdateService.swift in Sources */ = {isa = PBXBuildFile; fileRef = B10000000000000000000001 /* MacUpdateService.swift */; };
		B20000000000000000000002 /* OllamaProxyService.swift in Sources */ = {isa = PBXBuildFile; fileRef = B20000000000000000000001 /* OllamaProxyService.swift */; };
		B20000000000000000000004 /* OllamaUsageStore.swift in Sources */ = {isa = PBXBuildFile; fileRef = B20000000000000000000003 /* OllamaUsageStore.swift */; };
/* End PBXBuildFile section */

/* Begin PBXContainerItemProxy section */
		0974D27E2D060DA8247BB87D /* PBXContainerItemProxy */ = {
			isa = PBXContainerItemProxy;
			containerPortal = 65038DD919B78672D25C1C19 /* Project object */;
			proxyType = 1;
			remoteGlobalIDString = 6E97C317F002EB5B78F6589D;
			remoteInfo = ClaudeUsageWidgetExtension;
		};
		B3ADE73A0BB840CC03878775 /* PBXContainerItemProxy */ = {
			isa = PBXContainerItemProxy;
			containerPortal = 65038DD919B78672D25C1C19 /* Project object */;
			proxyType = 1;
			remoteGlobalIDString = FEBCFF68287F151DF98DF53D;
			remoteInfo = ClaudeUsageMobileWidgetExtension;
		};
/* End PBXContainerItemProxy section */

/* Begin PBXCopyFilesBuildPhase section */
		7D0B4E89BE0515711DFDDD9E /* Embed Foundation Extensions */ = {
			isa = PBXCopyFilesBuildPhase;
			buildActionMask = 2147483647;
			dstPath = "";
			dstSubfolderSpec = 13;
			files = (
				C1166AA87E58F7ECE39356C9 /* ClaudeUsageMobileWidgetExtension.appex in Embed Foundation Extensions */,
			);
			name = "Embed Foundation Extensions";
			runOnlyForDeploymentPostprocessing = 0;
		};
		C61D794878352EA7E321BF49 /* Embed Foundation Extensions */ = {
			isa = PBXCopyFilesBuildPhase;
			buildActionMask = 2147483647;
			dstPath = "";
			dstSubfolderSpec = 13;
			files = (
				7A2DFC1A09FB520E09CDE2BA /* ClaudeUsageWidgetExtension.appex in Embed Foundation Extensions */,
			);
			name = "Embed Foundation Extensions";
			runOnlyForDeploymentPostprocessing = 0;
		};
/* End PBXCopyFilesBuildPhase section */

/* Begin PBXFileReference section */
		0D4625961C333DA705D7F321 /* MobileUsageMonitor.swift */ = {isa = PBXFileReference; lastKnownFileType = sourcecode.swift; path = MobileUsageMonitor.swift; sourceTree = "<group>"; };
		11F12250431B95D347734FCC /* UsageWidgetViews.swift */ = {isa = PBXFileReference; lastKnownFileType = sourcecode.swift; path = UsageWidgetViews.swift; sourceTree = "<group>"; };
		1A5ABC12C8413507928CA8B8 /* GoogleService-Info.plist */ = {isa = PBXFileReference; lastKnownFileType = text.plist; path = "GoogleService-Info.plist"; sourceTree = "<group>"; };
		20FCF46D2517D7F375033F65 /* ClaudeUsageMobileApp.swift */ = {isa = PBXFileReference; lastKnownFileType = sourcecode.swift; path = ClaudeUsageMobileApp.swift; sourceTree = "<group>"; };
		250064F1475E2F3077E3F4DA /* ClaudeUsageWidgetExtension.appex */ = {isa = PBXFileReference; explicitFileType = "wrapper.app-extension"; includeInIndex = 0; path = ClaudeUsageWidgetExtension.appex; sourceTree = BUILT_PRODUCTS_DIR; };
		33759DC6542438922FDE250F /* ClaudeUsageMobileWidgetBundle.swift */ = {isa = PBXFileReference; lastKnownFileType = sourcecode.swift; path = ClaudeUsageMobileWidgetBundle.swift; sourceTree = "<group>"; };
		3565020420A3194DAE75414D /* ClaudeUsageApp.swift */ = {isa = PBXFileReference; lastKnownFileType = sourcecode.swift; path = ClaudeUsageApp.swift; sourceTree = "<group>"; };
		389DAA7F2378988A15A7AF8A /* GoogleService-Info.plist */ = {isa = PBXFileReference; lastKnownFileType = text.plist; path = "GoogleService-Info.plist"; sourceTree = "<group>"; };
		392BD50DBE5D129164E3B4A1 /* ClaudeUsageCore */ = {isa = PBXFileReference; lastKnownFileType = folder; name = ClaudeUsageCore; path = Packages/ClaudeUsageCore; sourceTree = SOURCE_ROOT; };
		3A0B191111D4F30C3415DCDB /* Info.plist */ = {isa = PBXFileReference; lastKnownFileType = text.plist; path = Info.plist; sourceTree = "<group>"; };
		3DDB3669F215EFC0C1958C20 /* TokenMihariban.app */ = {isa = PBXFileReference; explicitFileType = wrapper.application; includeInIndex = 0; path = TokenMihariban.app; sourceTree = BUILT_PRODUCTS_DIR; };
		48B7B67F9102CB863B5EFA7B /* ClaudeUsageSync */ = {isa = PBXFileReference; lastKnownFileType = folder; name = ClaudeUsageSync; path = Packages/ClaudeUsageSync; sourceTree = SOURCE_ROOT; };
		56A2608F25076936E93325FE /* ClaudeUsageWidgetExtension.entitlements */ = {isa = PBXFileReference; lastKnownFileType = text.plist.entitlements; path = ClaudeUsageWidgetExtension.entitlements; sourceTree = "<group>"; };
		56AE47E14C47872F3C4A9FA6 /* ClaudeUsage.entitlements */ = {isa = PBXFileReference; lastKnownFileType = text.plist.entitlements; path = ClaudeUsage.entitlements; sourceTree = "<group>"; };
		5A588CB94EA53953DE4D195C /* ClaudeUsageWidgetBundle.swift */ = {isa = PBXFileReference; lastKnownFileType = sourcecode.swift; path = ClaudeUsageWidgetBundle.swift; sourceTree = "<group>"; };
		5A8EEB53D0532242BED90F7B /* FileSystemWatcher.swift */ = {isa = PBXFileReference; lastKnownFileType = sourcecode.swift; path = FileSystemWatcher.swift; sourceTree = "<group>"; };
		61B7860F31E74689F7FB8430 /* Info.plist */ = {isa = PBXFileReference; lastKnownFileType = text.plist; path = Info.plist; sourceTree = "<group>"; };
		69633F8AA95D970F986002D8 /* ClaudeUsageMobile.app */ = {isa = PBXFileReference; includeInIndex = 0; lastKnownFileType = wrapper.application; path = ClaudeUsageMobile.app; sourceTree = BUILT_PRODUCTS_DIR; };
		6ADDBD7B97FE92E166CECEAF /* LiveActivityManager.swift */ = {isa = PBXFileReference; lastKnownFileType = sourcecode.swift; path = LiveActivityManager.swift; sourceTree = "<group>"; };
		74592DF4D28B03284C0BD808 /* MobileSettingsView.swift */ = {isa = PBXFileReference; lastKnownFileType = sourcecode.swift; path = MobileSettingsView.swift; sourceTree = "<group>"; };
		7B39C07272D6CFC02546B195 /* SettingsView.swift */ = {isa = PBXFileReference; lastKnownFileType = sourcecode.swift; path = SettingsView.swift; sourceTree = "<group>"; };
		7C531D27442D9484F76133C4 /* MenuBarContentView.swift */ = {isa = PBXFileReference; lastKnownFileType = sourcecode.swift; path = MenuBarContentView.swift; sourceTree = "<group>"; };
		8632F6957EB5D2D2E5E2F54C /* ClaudeBlockActivityAttributes.swift */ = {isa = PBXFileReference; lastKnownFileType = sourcecode.swift; path = ClaudeBlockActivityAttributes.swift; sourceTree = "<group>"; };
		94232A19F1E8191328E52552 /* ClaudeUsageMobile.entitlements */ = {isa = PBXFileReference; lastKnownFileType = text.plist.entitlements; path = ClaudeUsageMobile.entitlements; sourceTree = "<group>"; };
		9B594FD41D6B3A1539A63645 /* Assets.xcassets */ = {isa = PBXFileReference; lastKnownFileType = folder.assetcatalog; path = Assets.xcassets; sourceTree = "<group>"; };
		B19FA58D4EBD0747BED38BA9 /* Assets.xcassets */ = {isa = PBXFileReference; lastKnownFileType = folder.assetcatalog; path = Assets.xcassets; sourceTree = "<group>"; };
		B6982FC12C9912E312491108 /* UsageTimelineProvider.swift */ = {isa = PBXFileReference; lastKnownFileType = sourcecode.swift; path = UsageTimelineProvider.swift; sourceTree = "<group>"; };
		C727899CA6FCDC0DD97E1A26 /* UsageWidgetViews.swift */ = {isa = PBXFileReference; lastKnownFileType = sourcecode.swift; path = UsageWidgetViews.swift; sourceTree = "<group>"; };
		CABB8B90C68E22130D4CF041 /* Info.plist */ = {isa = PBXFileReference; lastKnownFileType = text.plist; path = Info.plist; sourceTree = "<group>"; };
		CC924F91CE821B30ED4B1B64 /* UsageMonitor.swift */ = {isa = PBXFileReference; lastKnownFileType = sourcecode.swift; path = UsageMonitor.swift; sourceTree = "<group>"; };
		DF15BAC974094C89066D9380 /* Info.plist */ = {isa = PBXFileReference; lastKnownFileType = text.plist; path = Info.plist; sourceTree = "<group>"; };
		E141071E38AF4FAC21D43637 /* ClaudeBlockLiveActivity.swift */ = {isa = PBXFileReference; lastKnownFileType = sourcecode.swift; path = ClaudeBlockLiveActivity.swift; sourceTree = "<group>"; };
		E4732B98C47DDDB5C269FC22 /* ClaudeUsageMobileWidgetExtension.entitlements */ = {isa = PBXFileReference; lastKnownFileType = text.plist.entitlements; path = ClaudeUsageMobileWidgetExtension.entitlements; sourceTree = "<group>"; };
		E91B67648C22FA433E17CD5A /* ClaudeUsageMobileWidgetExtension.appex */ = {isa = PBXFileReference; includeInIndex = 0; lastKnownFileType = "wrapper.app-extension"; path = ClaudeUsageMobileWidgetExtension.appex; sourceTree = BUILT_PRODUCTS_DIR; };
		F1909086D96F6C1F53E9E070 /* UsageTimelineProvider.swift */ = {isa = PBXFileReference; lastKnownFileType = sourcecode.swift; path = UsageTimelineProvider.swift; sourceTree = "<group>"; };
		FEC8403D75A66F2A581D2FC1 /* ContentView.swift */ = {isa = PBXFileReference; lastKnownFileType = sourcecode.swift; path = ContentView.swift; sourceTree = "<group>"; };
		B10000000000000000000001 /* MacUpdateService.swift */ = {isa = PBXFileReference; lastKnownFileType = sourcecode.swift; path = MacUpdateService.swift; sourceTree = "<group>"; };
		B20000000000000000000001 /* OllamaProxyService.swift */ = {isa = PBXFileReference; lastKnownFileType = sourcecode.swift; path = OllamaProxyService.swift; sourceTree = "<group>"; };
		B20000000000000000000003 /* OllamaUsageStore.swift */ = {isa = PBXFileReference; lastKnownFileType = sourcecode.swift; path = OllamaUsageStore.swift; sourceTree = "<group>"; };
/* End PBXFileReference section */

/* Begin PBXFrameworksBuildPhase section */
		0222F00040E52651EE3BB7E9 /* Frameworks */ = {
			isa = PBXFrameworksBuildPhase;
			buildActionMask = 2147483647;
			files = (
				05F38C21DEA227065F41EF31 /* ClaudeUsageCore in Frameworks */,
				BE14CC8995B68A0F957B7A31 /* ClaudeUsageSync in Frameworks */,
				E142317023F657BDD54B0828 /* FirebaseCore in Frameworks */,
				895BCC283E65DCD111EAF1BA /* FirebaseFirestore in Frameworks */,
			);
			runOnlyForDeploymentPostprocessing = 0;
		};
		2D966A14AE0AB074D3ECC25F /* Frameworks */ = {
			isa = PBXFrameworksBuildPhase;
			buildActionMask = 2147483647;
			files = (
				BA5C619C6FA5569306640742 /* ClaudeUsageCore in Frameworks */,
				2EBDDB19EEC8BDCBB236413F /* ClaudeUsageSync in Frameworks */,
				601326384DFA7413B9ADB905 /* FirebaseCore in Frameworks */,
				DD08AFD072218AFBE068DA19 /* FirebaseFirestore in Frameworks */,
			);
			runOnlyForDeploymentPostprocessing = 0;
		};
		BC63A3DDC27155E5F845E13D /* Frameworks */ = {
			isa = PBXFrameworksBuildPhase;
			buildActionMask = 2147483647;
			files = (
				8F5AEF133868481F84DEBE8D /* ClaudeUsageCore in Frameworks */,
			);
			runOnlyForDeploymentPostprocessing = 0;
		};
		D9484DDED1359F5E66B55F48 /* Frameworks */ = {
			isa = PBXFrameworksBuildPhase;
			buildActionMask = 2147483647;
			files = (
				DF626A2D18DC85B6DDCD717A /* ClaudeUsageCore in Frameworks */,
			);
			runOnlyForDeploymentPostprocessing = 0;
		};
/* End PBXFrameworksBuildPhase section */

/* Begin PBXGroup section */
		0C4DC83057A59310D4E0E0C5 /* ClaudeUsageMobileShared */ = {
			isa = PBXGroup;
			children = (
				8632F6957EB5D2D2E5E2F54C /* ClaudeBlockActivityAttributes.swift */,
			);
			path = ClaudeUsageMobileShared;
			sourceTree = "<group>";
		};
		34443FCE744189F1F721EED9 /* TokenMihariban */ = {
			isa = PBXGroup;
			children = (
				B19FA58D4EBD0747BED38BA9 /* Assets.xcassets */,
				56AE47E14C47872F3C4A9FA6 /* ClaudeUsage.entitlements */,
				3565020420A3194DAE75414D /* ClaudeUsageApp.swift */,
				5A8EEB53D0532242BED90F7B /* FileSystemWatcher.swift */,
				389DAA7F2378988A15A7AF8A /* GoogleService-Info.plist */,
				DF15BAC974094C89066D9380 /* Info.plist */,
				7C531D27442D9484F76133C4 /* MenuBarContentView.swift */,
				B10000000000000000000001 /* MacUpdateService.swift */,
				B20000000000000000000001 /* OllamaProxyService.swift */,
				B20000000000000000000003 /* OllamaUsageStore.swift */,
				7B39C07272D6CFC02546B195 /* SettingsView.swift */,
				CC924F91CE821B30ED4B1B64 /* UsageMonitor.swift */,
			);
			path = TokenMihariban;
			sourceTree = "<group>";
		};
		3AB3AFA4D6698FC72DEED68E /* Packages */ = {
			isa = PBXGroup;
			children = (
				392BD50DBE5D129164E3B4A1 /* ClaudeUsageCore */,
				48B7B67F9102CB863B5EFA7B /* ClaudeUsageSync */,
			);
			path = Packages;
			sourceTree = "<group>";
		};
		64F870513988B86113C76FAD /* ClaudeUsageMobile */ = {
			isa = PBXGroup;
			children = (
				9B594FD41D6B3A1539A63645 /* Assets.xcassets */,
				94232A19F1E8191328E52552 /* ClaudeUsageMobile.entitlements */,
				20FCF46D2517D7F375033F65 /* ClaudeUsageMobileApp.swift */,
				FEC8403D75A66F2A581D2FC1 /* ContentView.swift */,
				1A5ABC12C8413507928CA8B8 /* GoogleService-Info.plist */,
				CABB8B90C68E22130D4CF041 /* Info.plist */,
				6ADDBD7B97FE92E166CECEAF /* LiveActivityManager.swift */,
				74592DF4D28B03284C0BD808 /* MobileSettingsView.swift */,
				0D4625961C333DA705D7F321 /* MobileUsageMonitor.swift */,
			);
			path = ClaudeUsageMobile;
			sourceTree = "<group>";
		};
		A9FE83FF131079D589DFD671 = {
			isa = PBXGroup;
			children = (
				34443FCE744189F1F721EED9 /* TokenMihariban */,
				64F870513988B86113C76FAD /* ClaudeUsageMobile */,
				0C4DC83057A59310D4E0E0C5 /* ClaudeUsageMobileShared */,
				F48A6E34FF8725149EEEDDA3 /* ClaudeUsageMobileWidgetExtension */,
				C3B2DC8C9E927A82541615D0 /* ClaudeUsageWidgetExtension */,
				3AB3AFA4D6698FC72DEED68E /* Packages */,
				DE040C3B31A66879A643C28A /* Products */,
			);
			sourceTree = "<group>";
		};
		C3B2DC8C9E927A82541615D0 /* ClaudeUsageWidgetExtension */ = {
			isa = PBXGroup;
			children = (
				5A588CB94EA53953DE4D195C /* ClaudeUsageWidgetBundle.swift */,
				56A2608F25076936E93325FE /* ClaudeUsageWidgetExtension.entitlements */,
				61B7860F31E74689F7FB8430 /* Info.plist */,
				B6982FC12C9912E312491108 /* UsageTimelineProvider.swift */,
				11F12250431B95D347734FCC /* UsageWidgetViews.swift */,
			);
			path = ClaudeUsageWidgetExtension;
			sourceTree = "<group>";
		};
		DE040C3B31A66879A643C28A /* Products */ = {
			isa = PBXGroup;
			children = (
				3DDB3669F215EFC0C1958C20 /* TokenMihariban.app */,
				69633F8AA95D970F986002D8 /* ClaudeUsageMobile.app */,
				E91B67648C22FA433E17CD5A /* ClaudeUsageMobileWidgetExtension.appex */,
				250064F1475E2F3077E3F4DA /* ClaudeUsageWidgetExtension.appex */,
			);
			name = Products;
			sourceTree = "<group>";
		};
		F48A6E34FF8725149EEEDDA3 /* ClaudeUsageMobileWidgetExtension */ = {
			isa = PBXGroup;
			children = (
				E141071E38AF4FAC21D43637 /* ClaudeBlockLiveActivity.swift */,
				33759DC6542438922FDE250F /* ClaudeUsageMobileWidgetBundle.swift */,
				E4732B98C47DDDB5C269FC22 /* ClaudeUsageMobileWidgetExtension.entitlements */,
				3A0B191111D4F30C3415DCDB /* Info.plist */,
				F1909086D96F6C1F53E9E070 /* UsageTimelineProvider.swift */,
				C727899CA6FCDC0DD97E1A26 /* UsageWidgetViews.swift */,
			);
			path = ClaudeUsageMobileWidgetExtension;
			sourceTree = "<group>";
		};
/* End PBXGroup section */

/* Begin PBXNativeTarget section */
		69F3B65428D12386AD4856CE /* ClaudeUsageMobile */ = {
			isa = PBXNativeTarget;
			buildConfigurationList = A57A6762B0BFD874636404DC /* Build configuration list for PBXNativeTarget "ClaudeUsageMobile" */;
			buildPhases = (
				5C841DC0D3A98D7ACBC9AD73 /* Sources */,
				93D47063313C940E974C12B4 /* Resources */,
				0222F00040E52651EE3BB7E9 /* Frameworks */,
				7D0B4E89BE0515711DFDDD9E /* Embed Foundation Extensions */,
			);
			buildRules = (
			);
			dependencies = (
				B738797FD6B0010C30CF8DE8 /* PBXTargetDependency */,
			);
			name = ClaudeUsageMobile;
			packageProductDependencies = (
				333A7ECD4895407B0933BD0C /* ClaudeUsageCore */,
				1F32ABCA4F35424CEADB6238 /* ClaudeUsageSync */,
				6EE2BB3AA2F536B3E9B32194 /* FirebaseCore */,
				79638A120E56426ADAE32459 /* FirebaseFirestore */,
			);
			productName = ClaudeUsageMobile;
			productReference = 69633F8AA95D970F986002D8 /* ClaudeUsageMobile.app */;
			productType = "com.apple.product-type.application";
		};
		6E97C317F002EB5B78F6589D /* ClaudeUsageWidgetExtension */ = {
			isa = PBXNativeTarget;
			buildConfigurationList = 508E8FC0A30CD69A0F99CAE9 /* Build configuration list for PBXNativeTarget "ClaudeUsageWidgetExtension" */;
			buildPhases = (
				39A46597110ED2D13B4182A9 /* Sources */,
				D9484DDED1359F5E66B55F48 /* Frameworks */,
			);
			buildRules = (
			);
			dependencies = (
			);
			name = ClaudeUsageWidgetExtension;
			packageProductDependencies = (
				2D8607144D010CFE791CF339 /* ClaudeUsageCore */,
			);
			productName = ClaudeUsageWidgetExtension;
			productReference = 250064F1475E2F3077E3F4DA /* ClaudeUsageWidgetExtension.appex */;
			productType = "com.apple.product-type.app-extension";
		};
		FCD643E83F9907C0D1AFF05E /* ClaudeUsage */ = {
			isa = PBXNativeTarget;
			buildConfigurationList = 78FFC4369CA5357E81B68B17 /* Build configuration list for PBXNativeTarget "ClaudeUsage" */;
			buildPhases = (
				0879BCB003A66A2E5A5E923C /* Sources */,
				93F8577ADA890DBFF21FF55F /* Resources */,
				2D966A14AE0AB074D3ECC25F /* Frameworks */,
				C61D794878352EA7E321BF49 /* Embed Foundation Extensions */,
			);
			buildRules = (
			);
			dependencies = (
				666134B0D341E565252C474A /* PBXTargetDependency */,
			);
			name = ClaudeUsage;
			packageProductDependencies = (
				198F6F394C6729E552E1BF9A /* ClaudeUsageCore */,
				32B05346DE930683EEDB0A8E /* ClaudeUsageSync */,
				7081D8824A49FB38080296E1 /* FirebaseCore */,
				7615D52D1D1A2A09936CAB9D /* FirebaseFirestore */,
			);
			productName = TokenMihariban;
			productReference = 3DDB3669F215EFC0C1958C20 /* TokenMihariban.app */;
			productType = "com.apple.product-type.application";
		};
		FEBCFF68287F151DF98DF53D /* ClaudeUsageMobileWidgetExtension */ = {
			isa = PBXNativeTarget;
			buildConfigurationList = 4A6071931A3D262924965A12 /* Build configuration list for PBXNativeTarget "ClaudeUsageMobileWidgetExtension" */;
			buildPhases = (
				3A1FA5C64BE8BBA5A1C7C67F /* Sources */,
				BC63A3DDC27155E5F845E13D /* Frameworks */,
			);
			buildRules = (
			);
			dependencies = (
			);
			name = ClaudeUsageMobileWidgetExtension;
			packageProductDependencies = (
				BD3AF1B6D1589FCEF9F3B583 /* ClaudeUsageCore */,
			);
			productName = ClaudeUsageMobileWidgetExtension;
			productReference = E91B67648C22FA433E17CD5A /* ClaudeUsageMobileWidgetExtension.appex */;
			productType = "com.apple.product-type.app-extension";
		};
/* End PBXNativeTarget section */

/* Begin PBXProject section */
		65038DD919B78672D25C1C19 /* Project object */ = {
			isa = PBXProject;
			attributes = {
				BuildIndependentTargetsInParallel = YES;
				LastUpgradeCheck = 1430;
				TargetAttributes = {
					69F3B65428D12386AD4856CE = {
						DevelopmentTeam = 7RW5G46B22;
						ProvisioningStyle = Automatic;
					};
					6E97C317F002EB5B78F6589D = {
						DevelopmentTeam = 7RW5G46B22;
						ProvisioningStyle = Automatic;
					};
					FCD643E83F9907C0D1AFF05E = {
						DevelopmentTeam = 7RW5G46B22;
						ProvisioningStyle = Automatic;
					};
					FEBCFF68287F151DF98DF53D = {
						DevelopmentTeam = 7RW5G46B22;
						ProvisioningStyle = Automatic;
					};
				};
			};
			buildConfigurationList = AE9F6626FC7AB451FE2D9D95 /* Build configuration list for PBXProject "ClaudeUsage" */;
			developmentRegion = en;
			hasScannedForEncodings = 0;
			knownRegions = (
				Base,
				en,
			);
			mainGroup = A9FE83FF131079D589DFD671;
			minimizedProjectReferenceProxies = 1;
			packageReferences = (
				8C756F1EF13C657675403148 /* XCRemoteSwiftPackageReference "firebase-ios-sdk" */,
				060F725C52079C7BC232D3E5 /* XCLocalSwiftPackageReference "Packages/ClaudeUsageCore" */,
				80B97F4605E2C8333E1FB745 /* XCLocalSwiftPackageReference "Packages/ClaudeUsageSync" */,
			);
			preferredProjectObjectVersion = 77;
			productRefGroup = DE040C3B31A66879A643C28A /* Products */;
			projectDirPath = "";
			projectRoot = "";
			targets = (
				FCD643E83F9907C0D1AFF05E /* ClaudeUsage */,
				6E97C317F002EB5B78F6589D /* ClaudeUsageWidgetExtension */,
				69F3B65428D12386AD4856CE /* ClaudeUsageMobile */,
				FEBCFF68287F151DF98DF53D /* ClaudeUsageMobileWidgetExtension */,
			);
		};
/* End PBXProject section */

/* Begin PBXResourcesBuildPhase section */
		93D47063313C940E974C12B4 /* Resources */ = {
			isa = PBXResourcesBuildPhase;
			buildActionMask = 2147483647;
			files = (
				9D8CBA423D31738E6384DA13 /* Assets.xcassets in Resources */,
				1569AE81C64A850FAC6EAD8F /* GoogleService-Info.plist in Resources */,
			);
			runOnlyForDeploymentPostprocessing = 0;
		};
		93F8577ADA890DBFF21FF55F /* Resources */ = {
			isa = PBXResourcesBuildPhase;
			buildActionMask = 2147483647;
			files = (
				3B38D00AECD1CB061C6A57C5 /* Assets.xcassets in Resources */,
				A16D1D693E399585034463B6 /* GoogleService-Info.plist in Resources */,
			);
			runOnlyForDeploymentPostprocessing = 0;
		};
/* End PBXResourcesBuildPhase section */

/* Begin PBXSourcesBuildPhase section */
		0879BCB003A66A2E5A5E923C /* Sources */ = {
			isa = PBXSourcesBuildPhase;
			buildActionMask = 2147483647;
			files = (
				A41A9BA42494061FF681C1BE /* ClaudeUsageApp.swift in Sources */,
				E2507EF32103DB6F768FB4D3 /* FileSystemWatcher.swift in Sources */,
				C9F670AFE7AACA0432BB496B /* MenuBarContentView.swift in Sources */,
				48A0F58462E037839BEB3F64 /* SettingsView.swift in Sources */,
				B10000000000000000000002 /* MacUpdateService.swift in Sources */,
				B20000000000000000000002 /* OllamaProxyService.swift in Sources */,
				B20000000000000000000004 /* OllamaUsageStore.swift in Sources */,
				BD7D8A6658B124E1BF9B1A08 /* UsageMonitor.swift in Sources */,
			);
			runOnlyForDeploymentPostprocessing = 0;
		};
		39A46597110ED2D13B4182A9 /* Sources */ = {
			isa = PBXSourcesBuildPhase;
			buildActionMask = 2147483647;
			files = (
				403DBA28FFC7A02960ADDB58 /* ClaudeUsageWidgetBundle.swift in Sources */,
				67256D5C2605CD4910667FD9 /* UsageTimelineProvider.swift in Sources */,
				35E19A1811F7AEAC07C15AB8 /* UsageWidgetViews.swift in Sources */,
			);
			runOnlyForDeploymentPostprocessing = 0;
		};
		3A1FA5C64BE8BBA5A1C7C67F /* Sources */ = {
			isa = PBXSourcesBuildPhase;
			buildActionMask = 2147483647;
			files = (
				90E3387FF2EEC3973EB024C1 /* ClaudeBlockActivityAttributes.swift in Sources */,
				C03F5BC74AE3660A97802A45 /* ClaudeBlockLiveActivity.swift in Sources */,
				F9D8A7C1BA5D3735238CD2E9 /* ClaudeUsageMobileWidgetBundle.swift in Sources */,
				45A87A6E0A9F5151926632E6 /* UsageTimelineProvider.swift in Sources */,
				8F5CD230D9DA63B2C631802A /* UsageWidgetViews.swift in Sources */,
			);
			runOnlyForDeploymentPostprocessing = 0;
		};
		5C841DC0D3A98D7ACBC9AD73 /* Sources */ = {
			isa = PBXSourcesBuildPhase;
			buildActionMask = 2147483647;
			files = (
				1FBFC9E8F36AF337C7F345AF /* ClaudeBlockActivityAttributes.swift in Sources */,
				40B2FE7D9C2721DE08273ED3 /* ClaudeUsageMobileApp.swift in Sources */,
				5C14BFE602879F73A2BA9CA9 /* ContentView.swift in Sources */,
				C26FDCDAF80E2C768347D25D /* LiveActivityManager.swift in Sources */,
				931B768C1C8E31684C989E9F /* MobileSettingsView.swift in Sources */,
				BAF62F28747459AD65F202F4 /* MobileUsageMonitor.swift in Sources */,
			);
			runOnlyForDeploymentPostprocessing = 0;
		};
/* End PBXSourcesBuildPhase section */

/* Begin PBXTargetDependency section */
		666134B0D341E565252C474A /* PBXTargetDependency */ = {
			isa = PBXTargetDependency;
			target = 6E97C317F002EB5B78F6589D /* ClaudeUsageWidgetExtension */;
			targetProxy = 0974D27E2D060DA8247BB87D /* PBXContainerItemProxy */;
		};
		B738797FD6B0010C30CF8DE8 /* PBXTargetDependency */ = {
			isa = PBXTargetDependency;
			target = FEBCFF68287F151DF98DF53D /* ClaudeUsageMobileWidgetExtension */;
			targetProxy = B3ADE73A0BB840CC03878775 /* PBXContainerItemProxy */;
		};
/* End PBXTargetDependency section */

/* Begin XCBuildConfiguration section */
		2D5D20BB7FA5D8B2008CDC53 /* Debug */ = {
			isa = XCBuildConfiguration;
			buildSettings = {
				ALWAYS_SEARCH_USER_PATHS = NO;
				CLANG_ANALYZER_NONNULL = YES;
				CLANG_ANALYZER_NUMBER_OBJECT_CONVERSION = YES_AGGRESSIVE;
				CLANG_CXX_LANGUAGE_STANDARD = "gnu++14";
				CLANG_CXX_LIBRARY = "libc++";
				CLANG_ENABLE_MODULES = YES;
				CLANG_ENABLE_OBJC_ARC = YES;
				CLANG_ENABLE_OBJC_WEAK = YES;
				CLANG_WARN_BLOCK_CAPTURE_AUTORELEASING = YES;
				CLANG_WARN_BOOL_CONVERSION = YES;
				CLANG_WARN_COMMA = YES;
				CLANG_WARN_CONSTANT_CONVERSION = YES;
				CLANG_WARN_DEPRECATED_OBJC_IMPLEMENTATIONS = YES;
				CLANG_WARN_DIRECT_OBJC_ISA_USAGE = YES_ERROR;
				CLANG_WARN_DOCUMENTATION_COMMENTS = YES;
				CLANG_WARN_EMPTY_BODY = YES;
				CLANG_WARN_ENUM_CONVERSION = YES;
				CLANG_WARN_INFINITE_RECURSION = YES;
				CLANG_WARN_INT_CONVERSION = YES;
				CLANG_WARN_NON_LITERAL_NULL_CONVERSION = YES;
				CLANG_WARN_OBJC_IMPLICIT_RETAIN_SELF = YES;
				CLANG_WARN_OBJC_LITERAL_CONVERSION = YES;
				CLANG_WARN_OBJC_ROOT_CLASS = YES_ERROR;
				CLANG_WARN_QUOTED_INCLUDE_IN_FRAMEWORK_HEADER = YES;
				CLANG_WARN_RANGE_LOOP_ANALYSIS = YES;
				CLANG_WARN_STRICT_PROTOTYPES = YES;
				CLANG_WARN_SUSPICIOUS_MOVE = YES;
				CLANG_WARN_UNGUARDED_AVAILABILITY = YES_AGGRESSIVE;
				CLANG_WARN_UNREACHABLE_CODE = YES;
				CLANG_WARN__DUPLICATE_METHOD_MATCH = YES;
				COPY_PHASE_STRIP = NO;
				DEBUG_INFORMATION_FORMAT = dwarf;
				ENABLE_STRICT_OBJC_MSGSEND = YES;
				ENABLE_TESTABILITY = YES;
				GCC_C_LANGUAGE_STANDARD = gnu11;
				GCC_DYNAMIC_NO_PIC = NO;
				GCC_NO_COMMON_BLOCKS = YES;
				GCC_OPTIMIZATION_LEVEL = 0;
				GCC_PREPROCESSOR_DEFINITIONS = (
					"$(inherited)",
					"DEBUG=1",
				);
				GCC_WARN_64_TO_32_BIT_CONVERSION = YES;
				GCC_WARN_ABOUT_RETURN_TYPE = YES_ERROR;
				GCC_WARN_UNDECLARED_SELECTOR = YES;
				GCC_WARN_UNINITIALIZED_AUTOS = YES_AGGRESSIVE;
				GCC_WARN_UNUSED_FUNCTION = YES;
				GCC_WARN_UNUSED_VARIABLE = YES;
				IPHONEOS_DEPLOYMENT_TARGET = 17.0;
				MACOSX_DEPLOYMENT_TARGET = 14.0;
				MTL_ENABLE_DEBUG_INFO = INCLUDE_SOURCE;
				MTL_FAST_MATH = YES;
				ONLY_ACTIVE_ARCH = YES;
				PRODUCT_NAME = "$(TARGET_NAME)";
				SWIFT_ACTIVE_COMPILATION_CONDITIONS = DEBUG;
				SWIFT_OPTIMIZATION_LEVEL = "-Onone";
				SWIFT_VERSION = 5.0;
			};
			name = Debug;
		};
		3A0D27A79BDCED9008E47E5C /* Debug */ = {
			isa = XCBuildConfiguration;
			buildSettings = {
				ASSETCATALOG_COMPILER_APPICON_NAME = AppIcon;
				CODE_SIGN_ENTITLEMENTS = ClaudeUsageMobile/ClaudeUsageMobile.entitlements;
				CODE_SIGN_IDENTITY = "iPhone Developer";
				CODE_SIGN_STYLE = Automatic;
				CURRENT_PROJECT_VERSION = 2;
				DEVELOPMENT_TEAM = 7RW5G46B22;
				INFOPLIST_FILE = ClaudeUsageMobile/Info.plist;
				LD_RUNPATH_SEARCH_PATHS = (
					"$(inherited)",
					"@executable_path/Frameworks",
				);
				MARKETING_VERSION = 1.0;
				PRODUCT_BUNDLE_IDENTIFIER = com.enomotosora.ClaudeUsageMobile;
				SDKROOT = iphoneos;
				SWIFT_VERSION = 6.0;
				TARGETED_DEVICE_FAMILY = "1,2";
			};
			name = Debug;
		};
		65E277957EBDFA5A2E3D4F5E /* Release */ = {
			isa = XCBuildConfiguration;
			buildSettings = {
				ASSETCATALOG_COMPILER_APPICON_NAME = AppIcon;
				CODE_SIGN_ENTITLEMENTS = ClaudeUsageMobile/ClaudeUsageMobile.entitlements;
				CODE_SIGN_IDENTITY = "iPhone Developer";
				CODE_SIGN_STYLE = Automatic;
				CURRENT_PROJECT_VERSION = 1;
				DEVELOPMENT_TEAM = 7RW5G46B22;
				INFOPLIST_FILE = ClaudeUsageMobile/Info.plist;
				LD_RUNPATH_SEARCH_PATHS = (
					"$(inherited)",
					"@executable_path/Frameworks",
				);
				MARKETING_VERSION = 1.0;
				PRODUCT_BUNDLE_IDENTIFIER = com.enomotosora.ClaudeUsageMobile;
				SDKROOT = iphoneos;
				SWIFT_VERSION = 6.0;
				TARGETED_DEVICE_FAMILY = "1,2";
			};
			name = Release;
		};
		8BE17C3D771A9AFED4D45795 /* Release */ = {
			isa = XCBuildConfiguration;
			buildSettings = {
				ALWAYS_SEARCH_USER_PATHS = NO;
				CLANG_ANALYZER_NONNULL = YES;
				CLANG_ANALYZER_NUMBER_OBJECT_CONVERSION = YES_AGGRESSIVE;
				CLANG_CXX_LANGUAGE_STANDARD = "gnu++14";
				CLANG_CXX_LIBRARY = "libc++";
				CLANG_ENABLE_MODULES = YES;
				CLANG_ENABLE_OBJC_ARC = YES;
				CLANG_ENABLE_OBJC_WEAK = YES;
				CLANG_WARN_BLOCK_CAPTURE_AUTORELEASING = YES;
				CLANG_WARN_BOOL_CONVERSION = YES;
				CLANG_WARN_COMMA = YES;
				CLANG_WARN_CONSTANT_CONVERSION = YES;
				CLANG_WARN_DEPRECATED_OBJC_IMPLEMENTATIONS = YES;
				CLANG_WARN_DIRECT_OBJC_ISA_USAGE = YES_ERROR;
				CLANG_WARN_DOCUMENTATION_COMMENTS = YES;
				CLANG_WARN_EMPTY_BODY = YES;
				CLANG_WARN_ENUM_CONVERSION = YES;
				CLANG_WARN_INFINITE_RECURSION = YES;
				CLANG_WARN_INT_CONVERSION = YES;
				CLANG_WARN_NON_LITERAL_NULL_CONVERSION = YES;
				CLANG_WARN_OBJC_IMPLICIT_RETAIN_SELF = YES;
				CLANG_WARN_OBJC_LITERAL_CONVERSION = YES;
				CLANG_WARN_OBJC_ROOT_CLASS = YES_ERROR;
				CLANG_WARN_QUOTED_INCLUDE_IN_FRAMEWORK_HEADER = YES;
				CLANG_WARN_RANGE_LOOP_ANALYSIS = YES;
				CLANG_WARN_STRICT_PROTOTYPES = YES;
				CLANG_WARN_SUSPICIOUS_MOVE = YES;
				CLANG_WARN_UNGUARDED_AVAILABILITY = YES_AGGRESSIVE;
				CLANG_WARN_UNREACHABLE_CODE = YES;
				CLANG_WARN__DUPLICATE_METHOD_MATCH = YES;
				COPY_PHASE_STRIP = NO;
				DEBUG_INFORMATION_FORMAT = "dwarf-with-dsym";
				ENABLE_NS_ASSERTIONS = NO;
				ENABLE_STRICT_OBJC_MSGSEND = YES;
				GCC_C_LANGUAGE_STANDARD = gnu11;
				GCC_NO_COMMON_BLOCKS = YES;
				GCC_WARN_64_TO_32_BIT_CONVERSION = YES;
				GCC_WARN_ABOUT_RETURN_TYPE = YES_ERROR;
				GCC_WARN_UNDECLARED_SELECTOR = YES;
				GCC_WARN_UNINITIALIZED_AUTOS = YES_AGGRESSIVE;
				GCC_WARN_UNUSED_FUNCTION = YES;
				GCC_WARN_UNUSED_VARIABLE = YES;
				IPHONEOS_DEPLOYMENT_TARGET = 17.0;
				MACOSX_DEPLOYMENT_TARGET = 14.0;
				MTL_ENABLE_DEBUG_INFO = NO;
				MTL_FAST_MATH = YES;
				PRODUCT_NAME = "$(TARGET_NAME)";
				SWIFT_COMPILATION_MODE = wholemodule;
				SWIFT_OPTIMIZATION_LEVEL = "-O";
				SWIFT_VERSION = 5.0;
			};
			name = Release;
		};
		967B09B6C6E23EA20D85D398 /* Release */ = {
			isa = XCBuildConfiguration;
			buildSettings = {
				ASSETCATALOG_COMPILER_APPICON_NAME = AppIcon;
				CODE_SIGN_ENTITLEMENTS = TokenMihariban/ClaudeUsage.entitlements;
				CODE_SIGN_STYLE = Automatic;
				COMBINE_HIDPI_IMAGES = YES;
				CURRENT_PROJECT_VERSION = 6;
				ENABLE_HARDENED_RUNTIME = YES;
				INFOPLIST_FILE = TokenMihariban/Info.plist;
				LD_RUNPATH_SEARCH_PATHS = (
					"$(inherited)",
					"@executable_path/../Frameworks",
				);
				MARKETING_VERSION = 0.4.1;
				PRODUCT_BUNDLE_IDENTIFIER = com.yoyoi441.TokenMihariban;
				PRODUCT_NAME = TokenMihariban;
				SDKROOT = macosx;
				SWIFT_VERSION = 6.0;
			};
			name = Release;
		};
		A79D550842E0D4E25774124B /* Debug */ = {
			isa = XCBuildConfiguration;
			buildSettings = {
				ASSETCATALOG_COMPILER_APPICON_NAME = AppIcon;
				CODE_SIGN_ENTITLEMENTS = TokenMihariban/ClaudeUsage.entitlements;
				CODE_SIGN_STYLE = Automatic;
				COMBINE_HIDPI_IMAGES = YES;
				CURRENT_PROJECT_VERSION = 6;
				ENABLE_HARDENED_RUNTIME = NO;
				INFOPLIST_FILE = TokenMihariban/Info.plist;
				LD_RUNPATH_SEARCH_PATHS = (
					"$(inherited)",
					"@executable_path/../Frameworks",
				);
				MARKETING_VERSION = 0.4.1;
				PRODUCT_BUNDLE_IDENTIFIER = com.yoyoi441.TokenMihariban;
				PRODUCT_NAME = TokenMihariban;
				SDKROOT = macosx;
				SWIFT_VERSION = 6.0;
			};
			name = Debug;
		};
		B025709B8D651E4833686B49 /* Debug */ = {
			isa = XCBuildConfiguration;
			buildSettings = {
				CODE_SIGN_ENTITLEMENTS = ClaudeUsageMobileWidgetExtension/ClaudeUsageMobileWidgetExtension.entitlements;
				CODE_SIGN_STYLE = Automatic;
				CURRENT_PROJECT_VERSION = 1;
				DEVELOPMENT_TEAM = 7RW5G46B22;
				INFOPLIST_FILE = ClaudeUsageMobileWidgetExtension/Info.plist;
				LD_RUNPATH_SEARCH_PATHS = (
					"$(inherited)",
					"@executable_path/Frameworks",
					"@executable_path/../../Frameworks",
				);
				MARKETING_VERSION = 1.0;
				PRODUCT_BUNDLE_IDENTIFIER = com.enomotosora.ClaudeUsageMobile.WidgetExtension;
				SDKROOT = iphoneos;
				SKIP_INSTALL = YES;
				SWIFT_VERSION = 6.0;
				TARGETED_DEVICE_FAMILY = "1,2";
			};
			name = Debug;
		};
		D746B1B3B49D2A1A15DFD933 /* Release */ = {
			isa = XCBuildConfiguration;
			buildSettings = {
				CODE_SIGN_ENTITLEMENTS = ClaudeUsageWidgetExtension/ClaudeUsageWidgetExtension.entitlements;
				CODE_SIGN_STYLE = Automatic;
				COMBINE_HIDPI_IMAGES = YES;
				CURRENT_PROJECT_VERSION = 6;
				DEVELOPMENT_TEAM = 7RW5G46B22;
				ENABLE_HARDENED_RUNTIME = YES;
				INFOPLIST_FILE = ClaudeUsageWidgetExtension/Info.plist;
				LD_RUNPATH_SEARCH_PATHS = (
					"$(inherited)",
					"@executable_path/../Frameworks",
					"@executable_path/../../../../Frameworks",
				);
				MARKETING_VERSION = 0.4.1;
				PRODUCT_BUNDLE_IDENTIFIER = com.yoyoi441.TokenMihariban.WidgetExtension;
				SDKROOT = macosx;
				SKIP_INSTALL = YES;
				SWIFT_VERSION = 6.0;
			};
			name = Release;
		};
		E2148583FBEA6ADDF0B5311F /* Release */ = {
			isa = XCBuildConfiguration;
			buildSettings = {
				CODE_SIGN_ENTITLEMENTS = ClaudeUsageMobileWidgetExtension/ClaudeUsageMobileWidgetExtension.entitlements;
				CODE_SIGN_STYLE = Automatic;
				CURRENT_PROJECT_VERSION = 2;
				DEVELOPMENT_TEAM = 7RW5G46B22;
				INFOPLIST_FILE = ClaudeUsageMobileWidgetExtension/Info.plist;
				LD_RUNPATH_SEARCH_PATHS = (
					"$(inherited)",
					"@executable_path/Frameworks",
					"@executable_path/../../Frameworks",
				);
				MARKETING_VERSION = 1.0;
				PRODUCT_BUNDLE_IDENTIFIER = com.enomotosora.ClaudeUsageMobile.WidgetExtension;
				SDKROOT = iphoneos;
				SKIP_INSTALL = YES;
				SWIFT_VERSION = 6.0;
				TARGETED_DEVICE_FAMILY = "1,2";
			};
			name = Release;
		};
		EB58AF6A0B0DF186C27F58C0 /* Debug */ = {
			isa = XCBuildConfiguration;
			buildSettings = {
				CODE_SIGN_ENTITLEMENTS = ClaudeUsageWidgetExtension/ClaudeUsageWidgetExtension.entitlements;
				CODE_SIGN_STYLE = Automatic;
				COMBINE_HIDPI_IMAGES = YES;
				CURRENT_PROJECT_VERSION = 6;
				DEVELOPMENT_TEAM = 7RW5G46B22;
				ENABLE_HARDENED_RUNTIME = NO;
				INFOPLIST_FILE = ClaudeUsageWidgetExtension/Info.plist;
				LD_RUNPATH_SEARCH_PATHS = (
					"$(inherited)",
					"@executable_path/../Frameworks",
					"@executable_path/../../../../Frameworks",
				);
				MARKETING_VERSION = 0.4.1;
				PRODUCT_BUNDLE_IDENTIFIER = com.yoyoi441.TokenMihariban.WidgetExtension;
				SDKROOT = macosx;
				SKIP_INSTALL = YES;
				SWIFT_VERSION = 6.0;
			};
			name = Debug;
		};
/* End XCBuildConfiguration section */

/* Begin XCConfigurationList section */
		4A6071931A3D262924965A12 /* Build configuration list for PBXNativeTarget "ClaudeUsageMobileWidgetExtension" */ = {
			isa = XCConfigurationList;
			buildConfigurations = (
				B025709B8D651E4833686B49 /* Debug */,
				E2148583FBEA6ADDF0B5311F /* Release */,
			);
			defaultConfigurationIsVisible = 0;
			defaultConfigurationName = Debug;
		};
		508E8FC0A30CD69A0F99CAE9 /* Build configuration list for PBXNativeTarget "ClaudeUsageWidgetExtension" */ = {
			isa = XCConfigurationList;
			buildConfigurations = (
				EB58AF6A0B0DF186C27F58C0 /* Debug */,
				D746B1B3B49D2A1A15DFD933 /* Release */,
			);
			defaultConfigurationIsVisible = 0;
			defaultConfigurationName = Debug;
		};
		78FFC4369CA5357E81B68B17 /* Build configuration list for PBXNativeTarget "ClaudeUsage" */ = {
			isa = XCConfigurationList;
			buildConfigurations = (
				A79D550842E0D4E25774124B /* Debug */,
				967B09B6C6E23EA20D85D398 /* Release */,
			);
			defaultConfigurationIsVisible = 0;
			defaultConfigurationName = Debug;
		};
		A57A6762B0BFD874636404DC /* Build configuration list for PBXNativeTarget "ClaudeUsageMobile" */ = {
			isa = XCConfigurationList;
			buildConfigurations = (
				3A0D27A79BDCED9008E47E5C /* Debug */,
				65E277957EBDFA5A2E3D4F5E /* Release */,
			);
			defaultConfigurationIsVisible = 0;
			defaultConfigurationName = Debug;
		};
		AE9F6626FC7AB451FE2D9D95 /* Build configuration list for PBXProject "ClaudeUsage" */ = {
			isa = XCConfigurationList;
			buildConfigurations = (
				2D5D20BB7FA5D8B2008CDC53 /* Debug */,
				8BE17C3D771A9AFED4D45795 /* Release */,
			);
			defaultConfigurationIsVisible = 0;
			defaultConfigurationName = Debug;
		};
/* End XCConfigurationList section */

/* Begin XCLocalSwiftPackageReference section */
		060F725C52079C7BC232D3E5 /* XCLocalSwiftPackageReference "Packages/ClaudeUsageCore" */ = {
			isa = XCLocalSwiftPackageReference;
			relativePath = Packages/ClaudeUsageCore;
		};
		80B97F4605E2C8333E1FB745 /* XCLocalSwiftPackageReference "Packages/ClaudeUsageSync" */ = {
			isa = XCLocalSwiftPackageReference;
			relativePath = Packages/ClaudeUsageSync;
		};
/* End XCLocalSwiftPackageReference section */

/* Begin XCRemoteSwiftPackageReference section */
		8C756F1EF13C657675403148 /* XCRemoteSwiftPackageReference "firebase-ios-sdk" */ = {
			isa = XCRemoteSwiftPackageReference;
			repositoryURL = "https://github.com/firebase/firebase-ios-sdk";
			requirement = {
				kind = upToNextMajorVersion;
				minimumVersion = 11.0.0;
			};
		};
/* End XCRemoteSwiftPackageReference section */

/* Begin XCSwiftPackageProductDependency section */
		198F6F394C6729E552E1BF9A /* ClaudeUsageCore */ = {
			isa = XCSwiftPackageProductDependency;
			productName = ClaudeUsageCore;
		};
		1F32ABCA4F35424CEADB6238 /* ClaudeUsageSync */ = {
			isa = XCSwiftPackageProductDependency;
			productName = ClaudeUsageSync;
		};
		2D8607144D010CFE791CF339 /* ClaudeUsageCore */ = {
			isa = XCSwiftPackageProductDependency;
			productName = ClaudeUsageCore;
		};
		32B05346DE930683EEDB0A8E /* ClaudeUsageSync */ = {
			isa = XCSwiftPackageProductDependency;
			productName = ClaudeUsageSync;
		};
		333A7ECD4895407B0933BD0C /* ClaudeUsageCore */ = {
			isa = XCSwiftPackageProductDependency;
			productName = ClaudeUsageCore;
		};
		6EE2BB3AA2F536B3E9B32194 /* FirebaseCore */ = {
			isa = XCSwiftPackageProductDependency;
			package = 8C756F1EF13C657675403148 /* XCRemoteSwiftPackageReference "firebase-ios-sdk" */;
			productName = FirebaseCore;
		};
		7081D8824A49FB38080296E1 /* FirebaseCore */ = {
			isa = XCSwiftPackageProductDependency;
			package = 8C756F1EF13C657675403148 /* XCRemoteSwiftPackageReference "firebase-ios-sdk" */;
			productName = FirebaseCore;
		};
		7615D52D1D1A2A09936CAB9D /* FirebaseFirestore */ = {
			isa = XCSwiftPackageProductDependency;
			package = 8C756F1EF13C657675403148 /* XCRemoteSwiftPackageReference "firebase-ios-sdk" */;
			productName = FirebaseFirestore;
		};
		79638A120E56426ADAE32459 /* FirebaseFirestore */ = {
			isa = XCSwiftPackageProductDependency;
			package = 8C756F1EF13C657675403148 /* XCRemoteSwiftPackageReference "firebase-ios-sdk" */;
			productName = FirebaseFirestore;
		};
		BD3AF1B6D1589FCEF9F3B583 /* ClaudeUsageCore */ = {
			isa = XCSwiftPackageProductDependency;
			productName = ClaudeUsageCore;
		};
/* End XCSwiftPackageProductDependency section */
	};
	rootObject = 65038DD919B78672D25C1C19 /* Project object */;
}
